// !$*UTF8*$!
{
	archiveVersion = 1;
	classes = {
	};
	objectVersion = 56;
	objects = {

/* Begin PBXBuildFile section */
		4743E46E29A0BE35004B7902 /* NewsCollectionViewCell.swift in Sources */ = {isa = PBXBuildFile; fileRef = 4743E46D29A0BE35004B7902 /* NewsCollectionViewCell.swift */; };
		4743E47029A0C1B6004B7902 /* DetailsViewController.swift in Sources */ = {isa = PBXBuildFile; fileRef = 4743E46F29A0C1B6004B7902 /* DetailsViewController.swift */; };
		4743E47229A0C50D004B7902 /* NewsPresenter.swift in Sources */ = {isa = PBXBuildFile; fileRef = 4743E47129A0C50D004B7902 /* NewsPresenter.swift */; };
		4743E47429A0C519004B7902 /* NetworkManager.swift in Sources */ = {isa = PBXBuildFile; fileRef = 4743E47329A0C519004B7902 /* NetworkManager.swift */; };
		4743E47629A0C7BE004B7902 /* NewsResponseObject.swift in Sources */ = {isa = PBXBuildFile; fileRef = 4743E47529A0C7BE004B7902 /* NewsResponseObject.swift */; };
		4761DF67299F931D0029771B /* SF-Pro-Display-Semibold.otf in Resources */ = {isa = PBXBuildFile; fileRef = 4761DF65299F931D0029771B /* SF-Pro-Display-Semibold.otf */; };
		4761DF68299F931D0029771B /* SF-Pro-Display-Regular.otf in Resources */ = {isa = PBXBuildFile; fileRef = 4761DF66299F931D0029771B /* SF-Pro-Display-Regular.otf */; };
		4761DF6A299F952D0029771B /* SF-Pro-Display-Bold.otf in Resources */ = {isa = PBXBuildFile; fileRef = 4761DF69299F952D0029771B /* SF-Pro-Display-Bold.otf */; };
		4761DF6D299FAF710029771B /* Alert.swift in Sources */ = {isa = PBXBuildFile; fileRef = 4761DF6C299FAF710029771B /* Alert.swift */; };
		4761DF6F299FB3D00029771B /* TabBarController.swift in Sources */ = {isa = PBXBuildFile; fileRef = 4761DF6E299FB3D00029771B /* TabBarController.swift */; };
		4761DF73299FB4ED0029771B /* NewsViewController.swift in Sources */ = {isa = PBXBuildFile; fileRef = 4761DF72299FB4ED0029771B /* NewsViewController.swift */; };
		4761DF75299FB67D0029771B /* MapViewController.swift in Sources */ = {isa = PBXBuildFile; fileRef = 4761DF74299FB67D0029771B /* MapViewController.swift */; };
		4761DF79299FB6A40029771B /* ProfileViewController.swift in Sources */ = {isa = PBXBuildFile; fileRef = 4761DF78299FB6A40029771B /* ProfileViewController.swift */; };
		4761DF7B299FB78B0029771B /* PresenterManager.swift in Sources */ = {isa = PBXBuildFile; fileRef = 4761DF7A299FB78B0029771B /* PresenterManager.swift */; };
		4761DF7D299FF9B90029771B /* FavouritesCollectionViewCell.swift in Sources */ = {isa = PBXBuildFile; fileRef = 4761DF7C299FF9B90029771B /* FavouritesCollectionViewCell.swift */; };
		4765DA96299F861D00BB77D4 /* AppDelegate.swift in Sources */ = {isa = PBXBuildFile; fileRef = 4765DA95299F861D00BB77D4 /* AppDelegate.swift */; };
		4765DA98299F861D00BB77D4 /* SceneDelegate.swift in Sources */ = {isa = PBXBuildFile; fileRef = 4765DA97299F861D00BB77D4 /* SceneDelegate.swift */; };
		4765DA9F299F861F00BB77D4 /* Assets.xcassets in Resources */ = {isa = PBXBuildFile; fileRef = 4765DA9E299F861F00BB77D4 /* Assets.xcassets */; };
		4765DAAD299F88B300BB77D4 /* LoginViewController.swift in Sources */ = {isa = PBXBuildFile; fileRef = 4765DAAC299F88B300BB77D4 /* LoginViewController.swift */; };
		4765DAAF299F8A0400BB77D4 /* Constants.swift in Sources */ = {isa = PBXBuildFile; fileRef = 4765DAAE299F8A0400BB77D4 /* Constants.swift */; };
		4796B1BF29A23FC1005CBF08 /* Extensions.swift in Sources */ = {isa = PBXBuildFile; fileRef = 4796B1BE29A23FC1005CBF08 /* Extensions.swift */; };
		4796B1C129A25C2E005CBF08 /* CoreDataManager.swift in Sources */ = {isa = PBXBuildFile; fileRef = 4796B1C029A25C2E005CBF08 /* CoreDataManager.swift */; };
		4796B1C429A25CDD005CBF08 /* News.xcdatamodeld in Sources */ = {isa = PBXBuildFile; fileRef = 4796B1C229A25CDD005CBF08 /* News.xcdatamodeld */; };
		4796B1C729A25D4F005CBF08 /* Article+CoreDataClass.swift in Sources */ = {isa = PBXBuildFile; fileRef = 4796B1C529A25D4F005CBF08 /* Article+CoreDataClass.swift */; };
		4796B1C829A25D4F005CBF08 /* Article+CoreDataProperties.swift in Sources */ = {isa = PBXBuildFile; fileRef = 4796B1C629A25D4F005CBF08 /* Article+CoreDataProperties.swift */; };
		4796B1D129A2954F005CBF08 /* PaddingLabel.swift in Sources */ = {isa = PBXBuildFile; fileRef = 4796B1D029A2954F005CBF08 /* PaddingLabel.swift */; };
		4796B1D329A2B3D5005CBF08 /* ResetPasswordViewController.swift in Sources */ = {isa = PBXBuildFile; fileRef = 4796B1D229A2B3D5005CBF08 /* ResetPasswordViewController.swift */; };
		4796B1D729A2BE9A005CBF08 /* SignUpViewController.swift in Sources */ = {isa = PBXBuildFile; fileRef = 4796B1D629A2BE9A005CBF08 /* SignUpViewController.swift */; };
		4796B1DE29A37C03005CBF08 /* User+CoreDataClass.swift in Sources */ = {isa = PBXBuildFile; fileRef = 4796B1DC29A37C03005CBF08 /* User+CoreDataClass.swift */; };
		4796B1DF29A37C03005CBF08 /* User+CoreDataProperties.swift in Sources */ = {isa = PBXBuildFile; fileRef = 4796B1DD29A37C03005CBF08 /* User+CoreDataProperties.swift */; };
		4796B1E129A39047005CBF08 /* MapLocation.swift in Sources */ = {isa = PBXBuildFile; fileRef = 4796B1E029A39047005CBF08 /* MapLocation.swift */; };
		93270A9AFEA68435860A5ADD /* Pods_theApp.framework in Frameworks */ = {isa = PBXBuildFile; fileRef = 485AD664893AF93672CE6F4F /* Pods_theApp.framework */; };
/* End PBXBuildFile section */

/* Begin PBXFileReference section */
		4743E46D29A0BE35004B7902 /* NewsCollectionViewCell.swift */ = {isa = PBXFileReference; lastKnownFileType = sourcecode.swift; path = NewsCollectionViewCell.swift; sourceTree = "<group>"; };
		4743E46F29A0C1B6004B7902 /* DetailsViewController.swift */ = {isa = PBXFileReference; lastKnownFileType = sourcecode.swift; path = DetailsViewController.swift; sourceTree = "<group>"; };
		4743E47129A0C50D004B7902 /* NewsPresenter.swift */ = {isa = PBXFileReference; lastKnownFileType = sourcecode.swift; path = NewsPresenter.swift; sourceTree = "<group>"; };
		4743E47329A0C519004B7902 /* NetworkManager.swift */ = {isa = PBXFileReference; lastKnownFileType = sourcecode.swift; path = NetworkManager.swift; sourceTree = "<group>"; };
		4743E47529A0C7BE004B7902 /* NewsResponseObject.swift */ = {isa = PBXFileReference; lastKnownFileType = sourcecode.swift; path = NewsResponseObject.swift; sourceTree = "<group>"; };
		4761DF65299F931D0029771B /* SF-Pro-Display-Semibold.otf */ = {isa = PBXFileReference; lastKnownFileType = file; path = "SF-Pro-Display-Semibold.otf"; sourceTree = "<group>"; };
		4761DF66299F931D0029771B /* SF-Pro-Display-Regular.otf */ = {isa = PBXFileReference; lastKnownFileType = file; path = "SF-Pro-Display-Regular.otf"; sourceTree = "<group>"; };
		4761DF69299F952D0029771B /* SF-Pro-Display-Bold.otf */ = {isa = PBXFileReference; lastKnownFileType = file; path = "SF-Pro-Display-Bold.otf"; sourceTree = "<group>"; };
		4761DF6C299FAF710029771B /* Alert.swift */ = {isa = PBXFileReference; lastKnownFileType = sourcecode.swift; path = Alert.swift; sourceTree = "<group>"; };
		4761DF6E299FB3D00029771B /* TabBarController.swift */ = {isa = PBXFileReference; lastKnownFileType = sourcecode.swift; path = TabBarController.swift; sourceTree = "<group>"; };
		4761DF72299FB4ED0029771B /* NewsViewController.swift */ = {isa = PBXFileReference; lastKnownFileType = sourcecode.swift; path = NewsViewController.swift; sourceTree = "<group>"; };
		4761DF74299FB67D0029771B /* MapViewController.swift */ = {isa = PBXFileReference; lastKnownFileType = sourcecode.swift; path = MapViewController.swift; sourceTree = "<group>"; };
		4761DF78299FB6A40029771B /* ProfileViewController.swift */ = {isa = PBXFileReference; lastKnownFileType = sourcecode.swift; path = ProfileViewController.swift; sourceTree = "<group>"; };
		4761DF7A299FB78B0029771B /* PresenterManager.swift */ = {isa = PBXFileReference; lastKnownFileType = sourcecode.swift; path = PresenterManager.swift; sourceTree = "<group>"; };
		4761DF7C299FF9B90029771B /* FavouritesCollectionViewCell.swift */ = {isa = PBXFileReference; lastKnownFileType = sourcecode.swift; path = FavouritesCollectionViewCell.swift; sourceTree = "<group>"; };
		4765DA92299F861D00BB77D4 /* theApp.app */ = {isa = PBXFileReference; explicitFileType = wrapper.application; includeInIndex = 0; path = theApp.app; sourceTree = BUILT_PRODUCTS_DIR; };
		4765DA95299F861D00BB77D4 /* AppDelegate.swift */ = {isa = PBXFileReference; lastKnownFileType = sourcecode.swift; path = AppDelegate.swift; sourceTree = "<group>"; };
		4765DA97299F861D00BB77D4 /* SceneDelegate.swift */ = {isa = PBXFileReference; lastKnownFileType = sourcecode.swift; path = SceneDelegate.swift; sourceTree = "<group>"; };
		4765DA9E299F861F00BB77D4 /* Assets.xcassets */ = {isa = PBXFileReference; lastKnownFileType = folder.assetcatalog; path = Assets.xcassets; sourceTree = "<group>"; };
		4765DAA3299F861F00BB77D4 /* Info.plist */ = {isa = PBXFileReference; lastKnownFileType = text.plist.xml; path = Info.plist; sourceTree = "<group>"; };
		4765DAAC299F88B300BB77D4 /* LoginViewController.swift */ = {isa = PBXFileReference; lastKnownFileType = sourcecode.swift; path = LoginViewController.swift; sourceTree = "<group>"; };
		4765DAAE299F8A0400BB77D4 /* Constants.swift */ = {isa = PBXFileReference; lastKnownFileType = sourcecode.swift; path = Constants.swift; sourceTree = "<group>"; };
		4796B1BE29A23FC1005CBF08 /* Extensions.swift */ = {isa = PBXFileReference; lastKnownFileType = sourcecode.swift; path = Extensions.swift; sourceTree = "<group>"; };
		4796B1C029A25C2E005CBF08 /* CoreDataManager.swift */ = {isa = PBXFileReference; lastKnownFileType = sourcecode.swift; path = CoreDataManager.swift; sourceTree = "<group>"; };
		4796B1C329A25CDD005CBF08 /* News.xcdatamodel */ = {isa = PBXFileReference; lastKnownFileType = wrapper.xcdatamodel; path = News.xcdatamodel; sourceTree = "<group>"; };
		4796B1C529A25D4F005CBF08 /* Article+CoreDataClass.swift */ = {isa = PBXFileReference; lastKnownFileType = sourcecode.swift; path = "Article+CoreDataClass.swift"; sourceTree = SOURCE_ROOT; };
		4796B1C629A25D4F005CBF08 /* Article+CoreDataProperties.swift */ = {isa = PBXFileReference; lastKnownFileType = sourcecode.swift; path = "Article+CoreDataProperties.swift"; sourceTree = SOURCE_ROOT; };
		4796B1D029A2954F005CBF08 /* PaddingLabel.swift */ = {isa = PBXFileReference; lastKnownFileType = sourcecode.swift; path = PaddingLabel.swift; sourceTree = "<group>"; };
		4796B1D229A2B3D5005CBF08 /* ResetPasswordViewController.swift */ = {isa = PBXFileReference; lastKnownFileType = sourcecode.swift; path = ResetPasswordViewController.swift; sourceTree = "<group>"; };
		4796B1D629A2BE9A005CBF08 /* SignUpViewController.swift */ = {isa = PBXFileReference; lastKnownFileType = sourcecode.swift; path = SignUpViewController.swift; sourceTree = "<group>"; };
		4796B1DC29A37C03005CBF08 /* User+CoreDataClass.swift */ = {isa = PBXFileReference; lastKnownFileType = sourcecode.swift; path = "User+CoreDataClass.swift"; sourceTree = SOURCE_ROOT; };
		4796B1DD29A37C03005CBF08 /* User+CoreDataProperties.swift */ = {isa = PBXFileReference; lastKnownFileType = sourcecode.swift; path = "User+CoreDataProperties.swift"; sourceTree = SOURCE_ROOT; };
		4796B1E029A39047005CBF08 /* MapLocation.swift */ = {isa = PBXFileReference; lastKnownFileType = sourcecode.swift; path = MapLocation.swift; sourceTree = "<group>"; };
		485AD664893AF93672CE6F4F /* Pods_theApp.framework */ = {isa = PBXFileReference; explicitFileType = wrapper.framework; includeInIndex = 0; path = Pods_theApp.framework; sourceTree = BUILT_PRODUCTS_DIR; };
		890661532A54584B7C2C2B77 /* Pods-theApp.release.xcconfig */ = {isa = PBXFileReference; includeInIndex = 1; lastKnownFileType = text.xcconfig; name = "Pods-theApp.release.xcconfig"; path = "Target Support Files/Pods-theApp/Pods-theApp.release.xcconfig"; sourceTree = "<group>"; };
		F6BD617D12DBDD23648A9AF3 /* Pods-theApp.debug.xcconfig */ = {isa = PBXFileReference; includeInIndex = 1; lastKnownFileType = text.xcconfig; name = "Pods-theApp.debug.xcconfig"; path = "Target Support Files/Pods-theApp/Pods-theApp.debug.xcconfig"; sourceTree = "<group>"; };
/* End PBXFileReference section */

/* Begin PBXFrameworksBuildPhase section */
		4765DA8F299F861D00BB77D4 /* Frameworks */ = {
			isa = PBXFrameworksBuildPhase;
			buildActionMask = 2147483647;
			files = (
				93270A9AFEA68435860A5ADD /* Pods_theApp.framework in Frameworks */,
			);
			runOnlyForDeploymentPostprocessing = 0;
		};
/* End PBXFrameworksBuildPhase section */

/* Begin PBXGroup section */
		4761DF6B299FAF660029771B /* Helpers */ = {
			isa = PBXGroup;
			children = (
				4761DF6C299FAF710029771B /* Alert.swift */,
				4761DF7A299FB78B0029771B /* PresenterManager.swift */,
				4743E47329A0C519004B7902 /* NetworkManager.swift */,
				4796B1C029A25C2E005CBF08 /* CoreDataManager.swift */,
			);
			path = Helpers;
			sourceTree = "<group>";
		};
		4761DF7E299FFBCF0029771B /* Model */ = {
			isa = PBXGroup;
			children = (
				4796B1DC29A37C03005CBF08 /* User+CoreDataClass.swift */,
				4796B1DD29A37C03005CBF08 /* User+CoreDataProperties.swift */,
				4796B1C529A25D4F005CBF08 /* Article+CoreDataClass.swift */,
				4796B1C629A25D4F005CBF08 /* Article+CoreDataProperties.swift */,
				4743E47529A0C7BE004B7902 /* NewsResponseObject.swift */,
				4796B1D029A2954F005CBF08 /* PaddingLabel.swift */,
				4796B1E029A39047005CBF08 /* MapLocation.swift */,
			);
			path = Model;
			sourceTree = "<group>";
		};
		4765DA89299F861D00BB77D4 = {
			isa = PBXGroup;
			children = (
				4796B1C229A25CDD005CBF08 /* News.xcdatamodeld */,
				4765DA94299F861D00BB77D4 /* theApp */,
				4765DA93299F861D00BB77D4 /* Products */,
				A6861AADEFEF811060076B3F /* Pods */,
				7E26216A053BB757A53CAB24 /* Frameworks */,
			);
			sourceTree = "<group>";
		};
		4765DA93299F861D00BB77D4 /* Products */ = {
			isa = PBXGroup;
			children = (
				4765DA92299F861D00BB77D4 /* theApp.app */,
			);
			name = Products;
			sourceTree = "<group>";
		};
		4765DA94299F861D00BB77D4 /* theApp */ = {
			isa = PBXGroup;
			children = (
				4761DF7E299FFBCF0029771B /* Model */,
				4761DF6B299FAF660029771B /* Helpers */,
				47E6DCFE299F91D600FB0826 /* Resources */,
				4765DAAB299F882100BB77D4 /* Presenter */,
				4765DAAA299F880300BB77D4 /* View */,
				4765DAA9299F871600BB77D4 /* Application */,
				4765DA9E299F861F00BB77D4 /* Assets.xcassets */,
				4765DAA3299F861F00BB77D4 /* Info.plist */,
			);
			path = theApp;
			sourceTree = "<group>";
		};
		4765DAA9299F871600BB77D4 /* Application */ = {
			isa = PBXGroup;
			children = (
				4765DA95299F861D00BB77D4 /* AppDelegate.swift */,
				4765DA97299F861D00BB77D4 /* SceneDelegate.swift */,
				4765DAAE299F8A0400BB77D4 /* Constants.swift */,
				4796B1BE29A23FC1005CBF08 /* Extensions.swift */,
			);
			path = Application;
			sourceTree = "<group>";
		};
		4765DAAA299F880300BB77D4 /* View */ = {
			isa = PBXGroup;
			children = (
				4765DAAC299F88B300BB77D4 /* LoginViewController.swift */,
				4796B1D629A2BE9A005CBF08 /* SignUpViewController.swift */,
				4796B1D229A2B3D5005CBF08 /* ResetPasswordViewController.swift */,
				4761DF6E299FB3D00029771B /* TabBarController.swift */,
				4761DF72299FB4ED0029771B /* NewsViewController.swift */,
				4743E46D29A0BE35004B7902 /* NewsCollectionViewCell.swift */,
				4761DF7C299FF9B90029771B /* FavouritesCollectionViewCell.swift */,
				4761DF74299FB67D0029771B /* MapViewController.swift */,
				4761DF78299FB6A40029771B /* ProfileViewController.swift */,
				4743E46F29A0C1B6004B7902 /* DetailsViewController.swift */,
			);
			path = View;
			sourceTree = "<group>";
		};
		4765DAAB299F882100BB77D4 /* Presenter */ = {
			isa = PBXGroup;
			children = (
				4743E47129A0C50D004B7902 /* NewsPresenter.swift */,
			);
			path = Presenter;
			sourceTree = "<group>";
		};
		47E6DCFE299F91D600FB0826 /* Resources */ = {
			isa = PBXGroup;
			children = (
				4761DF66299F931D0029771B /* SF-Pro-Display-Regular.otf */,
				4761DF65299F931D0029771B /* SF-Pro-Display-Semibold.otf */,
				4761DF69299F952D0029771B /* SF-Pro-Display-Bold.otf */,
			);
			path = Resources;
			sourceTree = "<group>";
		};
		7E26216A053BB757A53CAB24 /* Frameworks */ = {
			isa = PBXGroup;
			children = (
				485AD664893AF93672CE6F4F /* Pods_theApp.framework */,
			);
			name = Frameworks;
			sourceTree = "<group>";
		};
		A6861AADEFEF811060076B3F /* Pods */ = {
			isa = PBXGroup;
			children = (
				F6BD617D12DBDD23648A9AF3 /* Pods-theApp.debug.xcconfig */,
				890661532A54584B7C2C2B77 /* Pods-theApp.release.xcconfig */,
			);
			path = Pods;
			sourceTree = "<group>";
		};
/* End PBXGroup section */

/* Begin PBXNativeTarget section */
		4765DA91299F861D00BB77D4 /* theApp */ = {
			isa = PBXNativeTarget;
			buildConfigurationList = 4765DAA6299F861F00BB77D4 /* Build configuration list for PBXNativeTarget "theApp" */;
			buildPhases = (
				647C8979CE0C3F7C942291EE /* [CP] Check Pods Manifest.lock */,
				4765DA8E299F861D00BB77D4 /* Sources */,
				4765DA8F299F861D00BB77D4 /* Frameworks */,
				4765DA90299F861D00BB77D4 /* Resources */,
				ED6652D494EBA4B84936B862 /* [CP] Embed Pods Frameworks */,
			);
			buildRules = (
			);
			dependencies = (
			);
			name = theApp;
			productName = theApp;
			productReference = 4765DA92299F861D00BB77D4 /* theApp.app */;
			productType = "com.apple.product-type.application";
		};
/* End PBXNativeTarget section */

/* Begin PBXProject section */
		4765DA8A299F861D00BB77D4 /* Project object */ = {
			isa = PBXProject;
			attributes = {
				BuildIndependentTargetsInParallel = 1;
				LastSwiftUpdateCheck = 1420;
				LastUpgradeCheck = 1420;
				TargetAttributes = {
					4765DA91299F861D00BB77D4 = {
						CreatedOnToolsVersion = 14.2;
					};
				};
			};
			buildConfigurationList = 4765DA8D299F861D00BB77D4 /* Build configuration list for PBXProject "theApp" */;
			compatibilityVersion = "Xcode 14.0";
			developmentRegion = en;
			hasScannedForEncodings = 0;
			knownRegions = (
				en,
				Base,
			);
			mainGroup = 4765DA89299F861D00BB77D4;
			productRefGroup = 4765DA93299F861D00BB77D4 /* Products */;
			projectDirPath = "";
			projectRoot = "";
			targets = (
				4765DA91299F861D00BB77D4 /* theApp */,
			);
		};
/* End PBXProject section */

/* Begin PBXResourcesBuildPhase section */
		4765DA90299F861D00BB77D4 /* Resources */ = {
			isa = PBXResourcesBuildPhase;
			buildActionMask = 2147483647;
			files = (
				4761DF67299F931D0029771B /* SF-Pro-Display-Semibold.otf in Resources */,
				4761DF68299F931D0029771B /* SF-Pro-Display-Regular.otf in Resources */,
				4761DF6A299F952D0029771B /* SF-Pro-Display-Bold.otf in Resources */,
				4765DA9F299F861F00BB77D4 /* Assets.xcassets in Resources */,
			);
			runOnlyForDeploymentPostprocessing = 0;
		};
/* End PBXResourcesBuildPhase section */

/* Begin PBXShellScriptBuildPhase section */
		647C8979CE0C3F7C942291EE /* [CP] Check Pods Manifest.lock */ = {
			isa = PBXShellScriptBuildPhase;
			buildActionMask = 2147483647;
			files = (
			);
			inputFileListPaths = (
			);
			inputPaths = (
				"${PODS_PODFILE_DIR_PATH}/Podfile.lock",
				"${PODS_ROOT}/Manifest.lock",
			);
			name = "[CP] Check Pods Manifest.lock";
			outputFileListPaths = (
			);
			outputPaths = (
				"$(DERIVED_FILE_DIR)/Pods-theApp-checkManifestLockResult.txt",
			);
			runOnlyForDeploymentPostprocessing = 0;
			shellPath = /bin/sh;
			shellScript = "diff \"${PODS_PODFILE_DIR_PATH}/Podfile.lock\" \"${PODS_ROOT}/Manifest.lock\" > /dev/null\nif [ $? != 0 ] ; then\n    # print error to STDERR\n    echo \"error: The sandbox is not in sync with the Podfile.lock. Run 'pod install' or update your CocoaPods installation.\" >&2\n    exit 1\nfi\n# This output is used by Xcode 'outputs' to avoid re-running this script phase.\necho \"SUCCESS\" > \"${SCRIPT_OUTPUT_FILE_0}\"\n";
			showEnvVarsInLog = 0;
		};
		ED6652D494EBA4B84936B862 /* [CP] Embed Pods Frameworks */ = {
			isa = PBXShellScriptBuildPhase;
			buildActionMask = 2147483647;
			files = (
			);
			inputFileListPaths = (
				"${PODS_ROOT}/Target Support Files/Pods-theApp/Pods-theApp-frameworks-${CONFIGURATION}-input-files.xcfilelist",
			);
			name = "[CP] Embed Pods Frameworks";
			outputFileListPaths = (
				"${PODS_ROOT}/Target Support Files/Pods-theApp/Pods-theApp-frameworks-${CONFIGURATION}-output-files.xcfilelist",
			);
			runOnlyForDeploymentPostprocessing = 0;
			shellPath = /bin/sh;
			shellScript = "\"${PODS_ROOT}/Target Support Files/Pods-theApp/Pods-theApp-frameworks.sh\"\n";
			showEnvVarsInLog = 0;
		};
/* End PBXShellScriptBuildPhase section */

/* Begin PBXSourcesBuildPhase section */
		4765DA8E299F861D00BB77D4 /* Sources */ = {
			isa = PBXSourcesBuildPhase;
			buildActionMask = 2147483647;
			files = (
				4743E47429A0C519004B7902 /* NetworkManager.swift in Sources */,
				4761DF7B299FB78B0029771B /* PresenterManager.swift in Sources */,
				4761DF6D299FAF710029771B /* Alert.swift in Sources */,
				4796B1D329A2B3D5005CBF08 /* ResetPasswordViewController.swift in Sources */,
				4796B1DE29A37C03005CBF08 /* User+CoreDataClass.swift in Sources */,
				4796B1C829A25D4F005CBF08 /* Article+CoreDataProperties.swift in Sources */,
				4765DAAF299F8A0400BB77D4 /* Constants.swift in Sources */,
				4743E47629A0C7BE004B7902 /* NewsResponseObject.swift in Sources */,
				4743E47229A0C50D004B7902 /* NewsPresenter.swift in Sources */,
				4796B1DF29A37C03005CBF08 /* User+CoreDataProperties.swift in Sources */,
				4761DF79299FB6A40029771B /* ProfileViewController.swift in Sources */,
				4796B1C429A25CDD005CBF08 /* News.xcdatamodeld in Sources */,
				4796B1D129A2954F005CBF08 /* PaddingLabel.swift in Sources */,
				4743E46E29A0BE35004B7902 /* NewsCollectionViewCell.swift in Sources */,
				4765DAAD299F88B300BB77D4 /* LoginViewController.swift in Sources */,
				4761DF75299FB67D0029771B /* MapViewController.swift in Sources */,
				4761DF6F299FB3D00029771B /* TabBarController.swift in Sources */,
				4743E47029A0C1B6004B7902 /* DetailsViewController.swift in Sources */,
				4796B1BF29A23FC1005CBF08 /* Extensions.swift in Sources */,
				4761DF73299FB4ED0029771B /* NewsViewController.swift in Sources */,
				4765DA96299F861D00BB77D4 /* AppDelegate.swift in Sources */,
				4796B1C729A25D4F005CBF08 /* Article+CoreDataClass.swift in Sources */,
				4796B1E129A39047005CBF08 /* MapLocation.swift in Sources */,
				4765DA98299F861D00BB77D4 /* SceneDelegate.swift in Sources */,
				4796B1C129A25C2E005CBF08 /* CoreDataManager.swift in Sources */,
				4796B1D729A2BE9A005CBF08 /* SignUpViewController.swift in Sources */,
				4761DF7D299FF9B90029771B /* FavouritesCollectionViewCell.swift in Sources */,
			);
			runOnlyForDeploymentPostprocessing = 0;
		};
/* End PBXSourcesBuildPhase section */

/* Begin XCBuildConfiguration section */
		4765DAA4299F861F00BB77D4 /* Debug */ = {
			isa = XCBuildConfiguration;
			buildSettings = {
				ALWAYS_SEARCH_USER_PATHS = NO;
				CLANG_ANALYZER_NONNULL = YES;
				CLANG_ANALYZER_NUMBER_OBJECT_CONVERSION = YES_AGGRESSIVE;
				CLANG_CXX_LANGUAGE_STANDARD = "gnu++20";
				CLANG_ENABLE_MODULES = YES;
				CLANG_ENABLE_OBJC_ARC = YES;
				CLANG_ENABLE_OBJC_WEAK = YES;
				CLANG_WARN_BLOCK_CAPTURE_AUTORELEASING = YES;
				CLANG_WARN_BOOL_CONVERSION = YES;
				CLANG_WARN_COMMA = YES;
				CLANG_WARN_CONSTANT_CONVERSION = YES;
				CLANG_WARN_DEPRECATED_OBJC_IMPLEMENTATIONS = YES;
				CLANG_WARN_DIRECT_OBJC_ISA_USAGE = YES_ERROR;
				CLANG_WARN_DOCUMENTATION_COMMENTS = YES;
				CLANG_WARN_EMPTY_BODY = YES;
				CLANG_WARN_ENUM_CONVERSION = YES;
				CLANG_WARN_INFINITE_RECURSION = YES;
				CLANG_WARN_INT_CONVERSION = YES;
				CLANG_WARN_NON_LITERAL_NULL_CONVERSION = YES;
				CLANG_WARN_OBJC_IMPLICIT_RETAIN_SELF = YES;
				CLANG_WARN_OBJC_LITERAL_CONVERSION = YES;
				CLANG_WARN_OBJC_ROOT_CLASS = YES_ERROR;
				CLANG_WARN_QUOTED_INCLUDE_IN_FRAMEWORK_HEADER = YES;
				CLANG_WARN_RANGE_LOOP_ANALYSIS = YES;
				CLANG_WARN_STRICT_PROTOTYPES = YES;
				CLANG_WARN_SUSPICIOUS_MOVE = YES;
				CLANG_WARN_UNGUARDED_AVAILABILITY = YES_AGGRESSIVE;
				CLANG_WARN_UNREACHABLE_CODE = YES;
				CLANG_WARN__DUPLICATE_METHOD_MATCH = YES;
				COPY_PHASE_STRIP = NO;
				DEBUG_INFORMATION_FORMAT = dwarf;
				ENABLE_STRICT_OBJC_MSGSEND = YES;
				ENABLE_TESTABILITY = YES;
				GCC_C_LANGUAGE_STANDARD = gnu11;
				GCC_DYNAMIC_NO_PIC = NO;
				GCC_NO_COMMON_BLOCKS = YES;
				GCC_OPTIMIZATION_LEVEL = 0;
				GCC_PREPROCESSOR_DEFINITIONS = (
					"DEBUG=1",
					"$(inherited)",
				);
				GCC_WARN_64_TO_32_BIT_CONVERSION = YES;
				GCC_WARN_ABOUT_RETURN_TYPE = YES_ERROR;
				GCC_WARN_UNDECLARED_SELECTOR = YES;
				GCC_WARN_UNINITIALIZED_AUTOS = YES_AGGRESSIVE;
				GCC_WARN_UNUSED_FUNCTION = YES;
				GCC_WARN_UNUSED_VARIABLE = YES;
				IPHONEOS_DEPLOYMENT_TARGET = 16.2;
				MTL_ENABLE_DEBUG_INFO = INCLUDE_SOURCE;
				MTL_FAST_MATH = YES;
				ONLY_ACTIVE_ARCH = YES;
				SDKROOT = iphoneos;
				SWIFT_ACTIVE_COMPILATION_CONDITIONS = DEBUG;
				SWIFT_OPTIMIZATION_LEVEL = "-Onone";
			};
			name = Debug;
		};
		4765DAA5299F861F00BB77D4 /* Release */ = {
			isa = XCBuildConfiguration;
			buildSettings = {
				ALWAYS_SEARCH_USER_PATHS = NO;
				CLANG_ANALYZER_NONNULL = YES;
				CLANG_ANALYZER_NUMBER_OBJECT_CONVERSION = YES_AGGRESSIVE;
				CLANG_CXX_LANGUAGE_STANDARD = "gnu++20";
				CLANG_ENABLE_MODULES = YES;
				CLANG_ENABLE_OBJC_ARC = YES;
				CLANG_ENABLE_OBJC_WEAK = YES;
				CLANG_WARN_BLOCK_CAPTURE_AUTORELEASING = YES;
				CLANG_WARN_BOOL_CONVERSION = YES;
				CLANG_WARN_COMMA = YES;
				CLANG_WARN_CONSTANT_CONVERSION = YES;
				CLANG_WARN_DEPRECATED_OBJC_IMPLEMENTATIONS = YES;
				CLANG_WARN_DIRECT_OBJC_ISA_USAGE = YES_ERROR;
				CLANG_WARN_DOCUMENTATION_COMMENTS = YES;
				CLANG_WARN_EMPTY_BODY = YES;
				CLANG_WARN_ENUM_CONVERSION = YES;
				CLANG_WARN_INFINITE_RECURSION = YES;
				CLANG_WARN_INT_CONVERSION = YES;
				CLANG_WARN_NON_LITERAL_NULL_CONVERSION = YES;
				CLANG_WARN_OBJC_IMPLICIT_RETAIN_SELF = YES;
				CLANG_WARN_OBJC_LITERAL_CONVERSION = YES;
				CLANG_WARN_OBJC_ROOT_CLASS = YES_ERROR;
				CLANG_WARN_QUOTED_INCLUDE_IN_FRAMEWORK_HEADER = YES;
				CLANG_WARN_RANGE_LOOP_ANALYSIS = YES;
				CLANG_WARN_STRICT_PROTOTYPES = YES;
				CLANG_WARN_SUSPICIOUS_MOVE = YES;
				CLANG_WARN_UNGUARDED_AVAILABILITY = YES_AGGRESSIVE;
				CLANG_WARN_UNREACHABLE_CODE = YES;
				CLANG_WARN__DUPLICATE_METHOD_MATCH = YES;
				COPY_PHASE_STRIP = NO;
				DEBUG_INFORMATION_FORMAT = "dwarf-with-dsym";
				ENABLE_NS_ASSERTIONS = NO;
				ENABLE_STRICT_OBJC_MSGSEND = YES;
				GCC_C_LANGUAGE_STANDARD = gnu11;
				GCC_NO_COMMON_BLOCKS = YES;
				GCC_WARN_64_TO_32_BIT_CONVERSION = YES;
				GCC_WARN_ABOUT_RETURN_TYPE = YES_ERROR;
				GCC_WARN_UNDECLARED_SELECTOR = YES;
				GCC_WARN_UNINITIALIZED_AUTOS = YES_AGGRESSIVE;
				GCC_WARN_UNUSED_FUNCTION = YES;
				GCC_WARN_UNUSED_VARIABLE = YES;
				IPHONEOS_DEPLOYMENT_TARGET = 16.2;
				MTL_ENABLE_DEBUG_INFO = NO;
				MTL_FAST_MATH = YES;
				SDKROOT = iphoneos;
				SWIFT_COMPILATION_MODE = wholemodule;
				SWIFT_OPTIMIZATION_LEVEL = "-O";
				VALIDATE_PRODUCT = YES;
			};
			name = Release;
		};
		4765DAA7299F861F00BB77D4 /* Debug */ = {
			isa = XCBuildConfiguration;
			baseConfigurationReference = F6BD617D12DBDD23648A9AF3 /* Pods-theApp.debug.xcconfig */;
			buildSettings = {
				ASSETCATALOG_COMPILER_APPICON_NAME = AppIcon;
				ASSETCATALOG_COMPILER_GLOBAL_ACCENT_COLOR_NAME = AccentColor;
				CODE_SIGN_STYLE = Automatic;
				CURRENT_PROJECT_VERSION = 1;
				DEVELOPMENT_TEAM = NC75248GAJ;
				GENERATE_INFOPLIST_FILE = YES;
				INFOPLIST_FILE = theApp/Info.plist;
				INFOPLIST_KEY_UIApplicationSupportsIndirectInputEvents = YES;
				INFOPLIST_KEY_UILaunchStoryboardName = LaunchScreen;
				INFOPLIST_KEY_UISupportedInterfaceOrientations_iPad = "UIInterfaceOrientationPortrait UIInterfaceOrientationPortraitUpsideDown UIInterfaceOrientationLandscapeLeft UIInterfaceOrientationLandscapeRight";
				INFOPLIST_KEY_UISupportedInterfaceOrientations_iPhone = UIInterfaceOrientationPortrait;
				LD_RUNPATH_SEARCH_PATHS = (
					"$(inherited)",
					"@executable_path/Frameworks",
				);
				MARKETING_VERSION = 1.0;
				PRODUCT_BUNDLE_IDENTIFIER = TheApps.io.theApp;
				PRODUCT_NAME = "$(TARGET_NAME)";
				SWIFT_EMIT_LOC_STRINGS = YES;
				SWIFT_VERSION = 5.0;
				TARGETED_DEVICE_FAMILY = "1,2";
			};
			name = Debug;
		};
		4765DAA8299F861F00BB77D4 /* Release */ = {
			isa = XCBuildConfiguration;
			baseConfigurationReference = 890661532A54584B7C2C2B77 /* Pods-theApp.release.xcconfig */;
			buildSettings = {
				ASSETCATALOG_COMPILER_APPICON_NAME = AppIcon;
				ASSETCATALOG_COMPILER_GLOBAL_ACCENT_COLOR_NAME = AccentColor;
				CODE_SIGN_STYLE = Automatic;
				CURRENT_PROJECT_VERSION = 1;
				DEVELOPMENT_TEAM = NC75248GAJ;
				GENERATE_INFOPLIST_FILE = YES;
				INFOPLIST_FILE = theApp/Info.plist;
				INFOPLIST_KEY_UIApplicationSupportsIndirectInputEvents = YES;
				INFOPLIST_KEY_UILaunchStoryboardName = LaunchScreen;
				INFOPLIST_KEY_UISupportedInterfaceOrientations_iPad = "UIInterfaceOrientationPortrait UIInterfaceOrientationPortraitUpsideDown UIInterfaceOrientationLandscapeLeft UIInterfaceOrientationLandscapeRight";
				INFOPLIST_KEY_UISupportedInterfaceOrientations_iPhone = UIInterfaceOrientationPortrait;
				LD_RUNPATH_SEARCH_PATHS = (
					"$(inherited)",
					"@executable_path/Frameworks",
				);
				MARKETING_VERSION = 1.0;
				PRODUCT_BUNDLE_IDENTIFIER = TheApps.io.theApp;
				PRODUCT_NAME = "$(TARGET_NAME)";
				SWIFT_EMIT_LOC_STRINGS = YES;
				SWIFT_VERSION = 5.0;
				TARGETED_DEVICE_FAMILY = "1,2";
			};
			name = Release;
		};
/* End XCBuildConfiguration section */

/* Begin XCConfigurationList section */
		4765DA8D299F861D00BB77D4 /* Build configuration list for PBXProject "theApp" */ = {
			isa = XCConfigurationList;
			buildConfigurations = (
				4765DAA4299F861F00BB77D4 /* Debug */,
				4765DAA5299F861F00BB77D4 /* Release */,
			);
			defaultConfigurationIsVisible = 0;
			defaultConfigurationName = Release;
		};
		4765DAA6299F861F00BB77D4 /* Build configuration list for PBXNativeTarget "theApp" */ = {
			isa = XCConfigurationList;
			buildConfigurations = (
				4765DAA7299F861F00BB77D4 /* Debug */,
				4765DAA8299F861F00BB77D4 /* Release */,
			);
			defaultConfigurationIsVisible = 0;
			defaultConfigurationName = Release;
		};
/* End XCConfigurationList section */

/* Begin XCVersionGroup section */
		4796B1C229A25CDD005CBF08 /* News.xcdatamodeld */ = {
			isa = XCVersionGroup;
			children = (
				4796B1C329A25CDD005CBF08 /* News.xcdatamodel */,
			);
			currentVersion = 4796B1C329A25CDD005CBF08 /* News.xcdatamodel */;
			path = News.xcdatamodeld;
			sourceTree = "<group>";
			versionGroupType = wrapper.xcdatamodel;
		};
/* End XCVersionGroup section */
	};
	rootObject = 4765DA8A299F861D00BB77D4 /* Project object */;
}
